
Microsoft Visual Studio Solution File, Format Version 12.00
# Visual Studio Version 17
VisualStudioVersion = 17.14.36221.1 d17.14
MinimumVisualStudioVersion = 10.0.40219.1
Project("{FAE04EC0-301F-11D3-BF4B-00C04F79EFBC}") = "MyFirstMauiApp", "MyFirstMauiApp\MyFirstMauiApp.csproj", "{C7F9C592-AD03-4310-905C-7FA9CCA78128}"
EndProject
Global
	GlobalSection(SolutionConfigurationPlatforms) = preSolution
		Debug|Any CPU = Debug|Any CPU
		Release|Any CPU = Release|Any CPU
	EndGlobalSection
	GlobalSection(ProjectConfigurationPlatforms) = postSolution
		{C7F9C592-AD03-4310-905C-7FA9CCA78128}.Debug|Any CPU.ActiveCfg = Debug|Any CPU
		{C7F9C592-AD03-4310-905C-7FA9CCA78128}.Debug|Any CPU.Build.0 = Debug|Any CPU
		{C7F9C592-AD03-4310-905C-7FA9CCA78128}.Release|Any CPU.ActiveCfg = Release|Any CPU
		{C7F9C592-AD03-4310-905C-7FA9CCA78128}.Release|Any CPU.Build.0 = Release|Any CPU
	EndGlobalSection
	GlobalSection(SolutionProperties) = preSolution
		HideSolutionNode = FALSE
	EndGlobalSection
	GlobalSection(ExtensibilityGlobals) = postSolution
		SolutionGuid = {3594C91D-C663-4324-B991-53CC10A8272C}
	EndGlobalSection
EndGlobal
